// !$*UTF8*$!
{
	archiveVersion = 1;
	classes = {
	};
	objectVersion = 50;
	objects = {

/* Begin PBXBuildFile section */
		5B497BF824DCFC8D00E4C66E /* AppDelegate.swift in Sources */ = {isa = PBXBuildFile; fileRef = 5B497BF724DCFC8D00E4C66E /* AppDelegate.swift */; };
		5B497BFA24DCFC8D00E4C66E /* SceneDelegate.swift in Sources */ = {isa = PBXBuildFile; fileRef = 5B497BF924DCFC8D00E4C66E /* SceneDelegate.swift */; };
		5B497BFC24DCFC8D00E4C66E /* ViewController.swift in Sources */ = {isa = PBXBuildFile; fileRef = 5B497BFB24DCFC8D00E4C66E /* ViewController.swift */; };
		5B497BFF24DCFC8D00E4C66E /* Main.storyboard in Resources */ = {isa = PBXBuildFile; fileRef = 5B497BFD24DCFC8D00E4C66E /* Main.storyboard */; };
		5B497C0224DCFC8D00E4C66E /* GetureRecognizerViewTest.xcdatamodeld in Sources */ = {isa = PBXBuildFile; fileRef = 5B497C0024DCFC8D00E4C66E /* GetureRecognizerViewTest.xcdatamodeld */; };
		5B497C0424DCFC8E00E4C66E /* Assets.xcassets in Resources */ = {isa = PBXBuildFile; fileRef = 5B497C0324DCFC8E00E4C66E /* Assets.xcassets */; };
		5B497C0724DCFC8E00E4C66E /* LaunchScreen.storyboard in Resources */ = {isa = PBXBuildFile; fileRef = 5B497C0524DCFC8E00E4C66E /* LaunchScreen.storyboard */; };
/* End PBXBuildFile section */

/* Begin PBXFileReference section */
		5B497BF424DCFC8D00E4C66E /* GetureRecognizerViewTest.app */ = {isa = PBXFileReference; explicitFileType = wrapper.application; includeInIndex = 0; path = GetureRecognizerViewTest.app; sourceTree = BUILT_PRODUCTS_DIR; };
		5B497BF724DCFC8D00E4C66E /* AppDelegate.swift */ = {isa = PBXFileReference; lastKnownFileType = sourcecode.swift; path = AppDelegate.swift; sourceTree = "<group>"; };
		5B497BF924DCFC8D00E4C66E /* SceneDelegate.swift */ = {isa = PBXFileReference; lastKnownFileType = sourcecode.swift; path = SceneDelegate.swift; sourceTree = "<group>"; };
		5B497BFB24DCFC8D00E4C66E /* ViewController.swift */ = {isa = PBXFileReference; lastKnownFileType = sourcecode.swift; path = ViewController.swift; sourceTree = "<group>"; };
		5B497BFE24DCFC8D00E4C66E /* Base */ = {isa = PBXFileReference; lastKnownFileType = file.storyboard; name = Base; path = Base.lproj/Main.storyboard; sourceTree = "<group>"; };
		5B497C0124DCFC8D00E4C66E /* GetureRecognizerViewTest.xcdatamodel */ = {isa = PBXFileReference; lastKnownFileType = wrapper.xcdatamodel; path = GetureRecognizerViewTest.xcdatamodel; sourceTree = "<group>"; };
		5B497C0324DCFC8E00E4C66E /* Assets.xcassets */ = {isa = PBXFileReference; lastKnownFileType = folder.assetcatalog; path = Assets.xcassets; sourceTree = "<group>"; };
		5B497C0624DCFC8E00E4C66E /* Base */ = {isa = PBXFileReference; lastKnownFileType = file.storyboard; name = Base; path = Base.lproj/LaunchScreen.storyboard; sourceTree = "<group>"; };
		5B497C0824DCFC8E00E4C66E /* Info.plist */ = {isa = PBXFileReference; lastKnownFileType = text.plist.xml; path = Info.plist; sourceTree = "<group>"; };
/* End PBXFileReference section */

/* Begin PBXFrameworksBuildPhase section */
		5B497BF124DCFC8D00E4C66E /* Frameworks */ = {
			isa = PBXFrameworksBuildPhase;
			buildActionMask = 2147483647;
			files = (
			);
			runOnlyForDeploymentPostprocessing = 0;
		};
/* End PBXFrameworksBuildPhase section */

/* Begin PBXGroup section */
		5B497BEB24DCFC8D00E4C66E = {
			isa = PBXGroup;
			children = (
				5B497BF624DCFC8D00E4C66E /* GetureRecognizerViewTest */,
				5B497BF524DCFC8D00E4C66E /* Products */,
			);
			sourceTree = "<group>";
		};
		5B497BF524DCFC8D00E4C66E /* Products */ = {
			isa = PBXGroup;
			children = (
				5B497BF424DCFC8D00E4C66E /* GetureRecognizerViewTest.app */,
			);
			name = Products;
			sourceTree = "<group>";
		};
		5B497BF624DCFC8D00E4C66E /* GetureRecognizerViewTest */ = {
			isa = PBXGroup;
			children = (
				5B497BF724DCFC8D00E4C66E /* AppDelegate.swift */,
				5B497BF924DCFC8D00E4C66E /* SceneDelegate.swift */,
				5B497BFB24DCFC8D00E4C66E /* ViewController.swift */,
				5B497BFD24DCFC8D00E4C66E /* Main.storyboard */,
				5B497C0324DCFC8E00E4C66E /* Assets.xcassets */,
				5B497C0524DCFC8E00E4C66E /* LaunchScreen.storyboard */,
				5B497C0824DCFC8E00E4C66E /* Info.plist */,
				5B497C0024DCFC8D00E4C66E /* GetureRecognizerViewTest.xcdatamodeld */,
			);
			path = GetureRecognizerViewTest;
			sourceTree = "<group>";
		};
/* End PBXGroup section */

/* Begin PBXNativeTarget section */
		5B497BF324DCFC8D00E4C66E /* GetureRecognizerViewTest */ = {
			isa = PBXNativeTarget;
			buildConfigurationList = 5B497C0B24DCFC8E00E4C66E /* Build configuration list for PBXNativeTarget "GetureRecognizerViewTest" */;
			buildPhases = (
				5B497BF024DCFC8D00E4C66E /* Sources */,
				5B497BF124DCFC8D00E4C66E /* Frameworks */,
				5B497BF224DCFC8D00E4C66E /* Resources */,
			);
			buildRules = (
			);
			dependencies = (
			);
			name = GetureRecognizerViewTest;
			productName = GetureRecognizerViewTest;
			productReference = 5B497BF424DCFC8D00E4C66E /* GetureRecognizerViewTest.app */;
			productType = "com.apple.product-type.application";
		};
/* End PBXNativeTarget section */

/* Begin PBXProject section */
		5B497BEC24DCFC8D00E4C66E /* Project object */ = {
			isa = PBXProject;
			attributes = {
				LastSwiftUpdateCheck = 1160;
				LastUpgradeCheck = 1160;
				ORGANIZATIONNAME = thisWhat;
				TargetAttributes = {
					5B497BF324DCFC8D00E4C66E = {
						CreatedOnToolsVersion = 11.6;
					};
				};
			};
			buildConfigurationList = 5B497BEF24DCFC8D00E4C66E /* Build configuration list for PBXProject "GetureRecognizerViewTest" */;
			compatibilityVersion = "Xcode 9.3";
			developmentRegion = en;
			hasScannedForEncodings = 0;
			knownRegions = (
				en,
				Base,
			);
			mainGroup = 5B497BEB24DCFC8D00E4C66E;
			productRefGroup = 5B497BF524DCFC8D00E4C66E /* Products */;
			projectDirPath = "";
			projectRoot = "";
			targets = (
				5B497BF324DCFC8D00E4C66E /* GetureRecognizerViewTest */,
			);
		};
/* End PBXProject section */

/* Begin PBXResourcesBuildPhase section */
		5B497BF224DCFC8D00E4C66E /* Resources */ = {
			isa = PBXResourcesBuildPhase;
			buildActionMask = 2147483647;
			files = (
				5B497C0724DCFC8E00E4C66E /* LaunchScreen.storyboard in Resources */,
				5B497C0424DCFC8E00E4C66E /* Assets.xcassets in Resources */,
				5B497BFF24DCFC8D00E4C66E /* Main.storyboard in Resources */,
			);
			runOnlyForDeploymentPostprocessing = 0;
		};
/* End PBXResourcesBuildPhase section */

/* Begin PBXSourcesBuildPhase section */
		5B497BF024DCFC8D00E4C66E /* Sources */ = {
			isa = PBXSourcesBuildPhase;
			buildActionMask = 2147483647;
			files = (
				5B497C0224DCFC8D00E4C66E /* GetureRecognizerViewTest.xcdatamodeld in Sources */,
				5B497BFC24DCFC8D00E4C66E /* ViewController.swift in Sources */,
				5B497BF824DCFC8D00E4C66E /* AppDelegate.swift in Sources */,
				5B497BFA24DCFC8D00E4C66E /* SceneDelegate.swift in Sources */,
			);
			runOnlyForDeploymentPostprocessing = 0;
		};
/* End PBXSourcesBuildPhase section */

/* Begin PBXVariantGroup section */
		5B497BFD24DCFC8D00E4C66E /* Main.storyboard */ = {
			isa = PBXVariantGroup;
			children = (
				5B497BFE24DCFC8D00E4C66E /* Base */,
			);
			name = Main.storyboard;
			sourceTree = "<group>";
		};
		5B497C0524DCFC8E00E4C66E /* LaunchScreen.storyboard */ = {
			isa = PBXVariantGroup;
			children = (
				5B497C0624DCFC8E00E4C66E /* Base */,
			);
			name = LaunchScreen.storyboard;
			sourceTree = "<group>";
		};
/* End PBXVariantGroup section */

/* Begin XCBuildConfiguration section */
		5B497C0924DCFC8E00E4C66E /* Debug */ = {
			isa = XCBuildConfiguration;
			buildSettings = {
				ALWAYS_SEARCH_USER_PATHS = NO;
				CLANG_ANALYZER_NONNULL = YES;
				CLANG_ANALYZER_NUMBER_OBJECT_CONVERSION = YES_AGGRESSIVE;
				CLANG_CXX_LANGUAGE_STANDARD = "gnu++14";
				CLANG_CXX_LIBRARY = "libc++";
				CLANG_ENABLE_MODULES = YES;
				CLANG_ENABLE_OBJC_ARC = YES;
				CLANG_ENABLE_OBJC_WEAK = YES;
				CLANG_WARN_BLOCK_CAPTURE_AUTORELEASING = YES;
				CLANG_WARN_BOOL_CONVERSION = YES;
				CLANG_WARN_COMMA = YES;
				CLANG_WARN_CONSTANT_CONVERSION = YES;
				CLANG_WARN_DEPRECATED_OBJC_IMPLEMENTATIONS = YES;
				CLANG_WARN_DIRECT_OBJC_ISA_USAGE = YES_ERROR;
				CLANG_WARN_DOCUMENTATION_COMMENTS = YES;
				CLANG_WARN_EMPTY_BODY = YES;
				CLANG_WARN_ENUM_CONVERSION = YES;
				CLANG_WARN_INFINITE_RECURSION = YES;
				CLANG_WARN_INT_CONVERSION = YES;
				CLANG_WARN_NON_LITERAL_NULL_CONVERSION = YES;
				CLANG_WARN_OBJC_IMPLICIT_RETAIN_SELF = YES;
				CLANG_WARN_OBJC_LITERAL_CONVERSION = YES;
				CLANG_WARN_OBJC_ROOT_CLASS = YES_ERROR;
				CLANG_WARN_RANGE_LOOP_ANALYSIS = YES;
				CLANG_WARN_STRICT_PROTOTYPES = YES;
				CLANG_WARN_SUSPICIOUS_MOVE = YES;
				CLANG_WARN_UNGUARDED_AVAILABILITY = YES_AGGRESSIVE;
				CLANG_WARN_UNREACHABLE_CODE = YES;
				CLANG_WARN__DUPLICATE_METHOD_MATCH = YES;
				COPY_PHASE_STRIP = NO;
				DEBUG_INFORMATION_FORMAT = dwarf;
				ENABLE_STRICT_OBJC_MSGSEND = YES;
				ENABLE_TESTABILITY = YES;
				GCC_C_LANGUAGE_STANDARD = gnu11;
				GCC_DYNAMIC_NO_PIC = NO;
				GCC_NO_COMMON_BLOCKS = YES;
				GCC_OPTIMIZATION_LEVEL = 0;
				GCC_PREPROCESSOR_DEFINITIONS = (
					"DEBUG=1",
					"$(inherited)",
				);
				GCC_WARN_64_TO_32_BIT_CONVERSION = YES;
				GCC_WARN_ABOUT_RETURN_TYPE = YES_ERROR;
				GCC_WARN_UNDECLARED_SELECTOR = YES;
				GCC_WARN_UNINITIALIZED_AUTOS = YES_AGGRESSIVE;
				GCC_WARN_UNUSED_FUNCTION = YES;
				GCC_WARN_UNUSED_VARIABLE = YES;
				IPHONEOS_DEPLOYMENT_TARGET = 13.6;
				MTL_ENABLE_DEBUG_INFO = INCLUDE_SOURCE;
				MTL_FAST_MATH = YES;
				ONLY_ACTIVE_ARCH = YES;
				SDKROOT = iphoneos;
				SWIFT_ACTIVE_COMPILATION_CONDITIONS = DEBUG;
				SWIFT_OPTIMIZATION_LEVEL = "-Onone";
			};
			name = Debug;
		};
		5B497C0A24DCFC8E00E4C66E /* Release */ = {
			isa = XCBuildConfiguration;
			buildSettings = {
				ALWAYS_SEARCH_USER_PATHS = NO;
				CLANG_ANALYZER_NONNULL = YES;
				CLANG_ANALYZER_NUMBER_OBJECT_CONVERSION = YES_AGGRESSIVE;
				CLANG_CXX_LANGUAGE_STANDARD = "gnu++14";
				CLANG_CXX_LIBRARY = "libc++";
				CLANG_ENABLE_MODULES = YES;
				CLANG_ENABLE_OBJC_ARC = YES;
				CLANG_ENABLE_OBJC_WEAK = YES;
				CLANG_WARN_BLOCK_CAPTURE_AUTORELEASING = YES;
				CLANG_WARN_BOOL_CONVERSION = YES;
				CLANG_WARN_COMMA = YES;
				CLANG_WARN_CONSTANT_CONVERSION = YES;
				CLANG_WARN_DEPRECATED_OBJC_IMPLEMENTATIONS = YES;
				CLANG_WARN_DIRECT_OBJC_ISA_USAGE = YES_ERROR;
				CLANG_WARN_DOCUMENTATION_COMMENTS = YES;
				CLANG_WARN_EMPTY_BODY = YES;
				CLANG_WARN_ENUM_CONVERSION = YES;
				CLANG_WARN_INFINITE_RECURSION = YES;
				CLANG_WARN_INT_CONVERSION = YES;
				CLANG_WARN_NON_LITERAL_NULL_CONVERSION = YES;
				CLANG_WARN_OBJC_IMPLICIT_RETAIN_SELF = YES;
				CLANG_WARN_OBJC_LITERAL_CONVERSION = YES;
				CLANG_WARN_OBJC_ROOT_CLASS = YES_ERROR;
				CLANG_WARN_RANGE_LOOP_ANALYSIS = YES;
				CLANG_WARN_STRICT_PROTOTYPES = YES;
				CLANG_WARN_SUSPICIOUS_MOVE = YES;
				CLANG_WARN_UNGUARDED_AVAILABILITY = YES_AGGRESSIVE;
				CLANG_WARN_UNREACHABLE_CODE = YES;
				CLANG_WARN__DUPLICATE_METHOD_MATCH = YES;
				COPY_PHASE_STRIP = NO;
				DEBUG_INFORMATION_FORMAT = "dwarf-with-dsym";
				ENABLE_NS_ASSERTIONS = NO;
				ENABLE_STRICT_OBJC_MSGSEND = YES;
				GCC_C_LANGUAGE_STANDARD = gnu11;
				GCC_NO_COMMON_BLOCKS = YES;
				GCC_WARN_64_TO_32_BIT_CONVERSION = YES;
				GCC_WARN_ABOUT_RETURN_TYPE = YES_ERROR;
				GCC_WARN_UNDECLARED_SELECTOR = YES;
				GCC_WARN_UNINITIALIZED_AUTOS = YES_AGGRESSIVE;
				GCC_WARN_UNUSED_FUNCTION = YES;
				GCC_WARN_UNUSED_VARIABLE = YES;
				IPHONEOS_DEPLOYMENT_TARGET = 13.6;
				MTL_ENABLE_DEBUG_INFO = NO;
				MTL_FAST_MATH = YES;
				SDKROOT = iphoneos;
				SWIFT_COMPILATION_MODE = wholemodule;
				SWIFT_OPTIMIZATION_LEVEL = "-O";
				VALIDATE_PRODUCT = YES;
			};
			name = Release;
		};
		5B497C0C24DCFC8E00E4C66E /* Debug */ = {
			isa = XCBuildConfiguration;
			buildSettings = {
				ASSETCATALOG_COMPILER_APPICON_NAME = AppIcon;
				CODE_SIGN_STYLE = Automatic;
				DEVELOPMENT_TEAM = HMB28F9R4H;
				INFOPLIST_FILE = GetureRecognizerViewTest/Info.plist;
				LD_RUNPATH_SEARCH_PATHS = (
					"$(inherited)",
					"@executable_path/Frameworks",
				);
				PRODUCT_BUNDLE_IDENTIFIER = woodycode.GetureRecognizerViewTest;
				PRODUCT_NAME = "$(TARGET_NAME)";
				SWIFT_VERSION = 5.0;
				TARGETED_DEVICE_FAMILY = "1,2";
			};
			name = Debug;
		};
		5B497C0D24DCFC8E00E4C66E /* Release */ = {
			isa = XCBuildConfiguration;
			buildSettings = {
				ASSETCATALOG_COMPILER_APPICON_NAME = AppIcon;
				CODE_SIGN_STYLE = Automatic;
				DEVELOPMENT_TEAM = HMB28F9R4H;
				INFOPLIST_FILE = GetureRecognizerViewTest/Info.plist;
				LD_RUNPATH_SEARCH_PATHS = (
					"$(inherited)",
					"@executable_path/Frameworks",
				);
				PRODUCT_BUNDLE_IDENTIFIER = woodycode.GetureRecognizerViewTest;
				PRODUCT_NAME = "$(TARGET_NAME)";
				SWIFT_VERSION = 5.0;
				TARGETED_DEVICE_FAMILY = "1,2";
			};
			name = Release;
		};
/* End XCBuildConfiguration section */

/* Begin XCConfigurationList section */
		5B497BEF24DCFC8D00E4C66E /* Build configuration list for PBXProject "GetureRecognizerViewTest" */ = {
			isa = XCConfigurationList;
			buildConfigurations = (
				5B497C0924DCFC8E00E4C66E /* Debug */,
				5B497C0A24DCFC8E00E4C66E /* Release */,
			);
			defaultConfigurationIsVisible = 0;
			defaultConfigurationName = Release;
		};
		5B497C0B24DCFC8E00E4C66E /* Build configuration list for PBXNativeTarget "GetureRecognizerViewTest" */ = {
			isa = XCConfigurationList;
			buildConfigurations = (
				5B497C0C24DCFC8E00E4C66E /* Debug */,
				5B497C0D24DCFC8E00E4C66E /* Release */,
			);
			defaultConfigurationIsVisible = 0;
			defaultConfigurationName = Release;
		};
/* End XCConfigurationList section */

/* Begin XCVersionGroup section */
		5B497C0024DCFC8D00E4C66E /* GetureRecognizerViewTest.xcdatamodeld */ = {
			isa = XCVersionGroup;
			children = (
				5B497C0124DCFC8D00E4C66E /* GetureRecognizerViewTest.xcdatamodel */,
			);
			currentVersion = 5B497C0124DCFC8D00E4C66E /* GetureRecognizerViewTest.xcdatamodel */;
			path = GetureRecognizerViewTest.xcdatamodeld;
			sourceTree = "<group>";
			versionGroupType = wrapper.xcdatamodel;
		};
/* End XCVersionGroup section */
	};
	rootObject = 5B497BEC24DCFC8D00E4C66E /* Project object */;
}
